// !$*UTF8*$!
{
	archiveVersion = 1;
	classes = {
	};
	objectVersion = 46;
	objects = {

/* Begin PBXBuildFile section */
		AD0E57C31E37E43000EB232F /* FancyView.swift in Sources */ = {isa = PBXBuildFile; fileRef = AD0E57C21E37E43000EB232F /* FancyView.swift */; };
		AD0E57C51E37E4B900EB232F /* Constants.swift in Sources */ = {isa = PBXBuildFile; fileRef = AD0E57C41E37E4B900EB232F /* Constants.swift */; };
		ADDE04971E36B096002DCDB8 /* AppDelegate.swift in Sources */ = {isa = PBXBuildFile; fileRef = ADDE04961E36B096002DCDB8 /* AppDelegate.swift */; };
		ADDE04991E36B096002DCDB8 /* SignInVC.swift in Sources */ = {isa = PBXBuildFile; fileRef = ADDE04981E36B096002DCDB8 /* SignInVC.swift */; };
		ADDE049E1E36B096002DCDB8 /* Assets.xcassets in Resources */ = {isa = PBXBuildFile; fileRef = ADDE049D1E36B096002DCDB8 /* Assets.xcassets */; };
		ADDE04A11E36B096002DCDB8 /* LaunchScreen.storyboard in Resources */ = {isa = PBXBuildFile; fileRef = ADDE049F1E36B096002DCDB8 /* LaunchScreen.storyboard */; };
		ADDE04A91E36B0B7002DCDB8 /* GoogleService-Info.plist in Resources */ = {isa = PBXBuildFile; fileRef = ADDE04A81E36B0B7002DCDB8 /* GoogleService-Info.plist */; };
		D7590D3322B1B7D6118D2FCF /* Pods_devslopes_social.framework in Frameworks */ = {isa = PBXBuildFile; fileRef = D3741BE94EBB9006C70F63E6 /* Pods_devslopes_social.framework */; };
/* End PBXBuildFile section */

/* Begin PBXFileReference section */
		39C951A424536079272068D6 /* Pods-devslopes-social.release.xcconfig */ = {isa = PBXFileReference; includeInIndex = 1; lastKnownFileType = text.xcconfig; name = "Pods-devslopes-social.release.xcconfig"; path = "Pods/Target Support Files/Pods-devslopes-social/Pods-devslopes-social.release.xcconfig"; sourceTree = "<group>"; };
		AD0E57C21E37E43000EB232F /* FancyView.swift */ = {isa = PBXFileReference; fileEncoding = 4; lastKnownFileType = sourcecode.swift; path = FancyView.swift; sourceTree = "<group>"; };
		AD0E57C41E37E4B900EB232F /* Constants.swift */ = {isa = PBXFileReference; fileEncoding = 4; lastKnownFileType = sourcecode.swift; path = Constants.swift; sourceTree = "<group>"; };
		ADDE04931E36B096002DCDB8 /* devslopes-social.app */ = {isa = PBXFileReference; explicitFileType = wrapper.application; includeInIndex = 0; path = "devslopes-social.app"; sourceTree = BUILT_PRODUCTS_DIR; };
		ADDE04961E36B096002DCDB8 /* AppDelegate.swift */ = {isa = PBXFileReference; lastKnownFileType = sourcecode.swift; path = AppDelegate.swift; sourceTree = "<group>"; };
		ADDE04981E36B096002DCDB8 /* SignInVC.swift */ = {isa = PBXFileReference; lastKnownFileType = sourcecode.swift; path = SignInVC.swift; sourceTree = "<group>"; };
		ADDE049D1E36B096002DCDB8 /* Assets.xcassets */ = {isa = PBXFileReference; lastKnownFileType = folder.assetcatalog; path = Assets.xcassets; sourceTree = "<group>"; };
		ADDE04A01E36B096002DCDB8 /* Base */ = {isa = PBXFileReference; lastKnownFileType = file.storyboard; name = Base; path = Base.lproj/LaunchScreen.storyboard; sourceTree = "<group>"; };
		ADDE04A21E36B096002DCDB8 /* Info.plist */ = {isa = PBXFileReference; lastKnownFileType = text.plist.xml; path = Info.plist; sourceTree = "<group>"; };
		ADDE04A81E36B0B7002DCDB8 /* GoogleService-Info.plist */ = {isa = PBXFileReference; fileEncoding = 4; lastKnownFileType = text.plist.xml; path = "GoogleService-Info.plist"; sourceTree = "<group>"; };
		D3741BE94EBB9006C70F63E6 /* Pods_devslopes_social.framework */ = {isa = PBXFileReference; explicitFileType = wrapper.framework; includeInIndex = 0; path = Pods_devslopes_social.framework; sourceTree = BUILT_PRODUCTS_DIR; };
		F25398D2D772BECBB1D6A61B /* Pods-devslopes-social.debug.xcconfig */ = {isa = PBXFileReference; includeInIndex = 1; lastKnownFileType = text.xcconfig; name = "Pods-devslopes-social.debug.xcconfig"; path = "Pods/Target Support Files/Pods-devslopes-social/Pods-devslopes-social.debug.xcconfig"; sourceTree = "<group>"; };
/* End PBXFileReference section */

/* Begin PBXFrameworksBuildPhase section */
		ADDE04901E36B096002DCDB8 /* Frameworks */ = {
			isa = PBXFrameworksBuildPhase;
			buildActionMask = 2147483647;
			files = (
				D7590D3322B1B7D6118D2FCF /* Pods_devslopes_social.framework in Frameworks */,
			);
			runOnlyForDeploymentPostprocessing = 0;
		};
/* End PBXFrameworksBuildPhase section */

/* Begin PBXGroup section */
		7D533782B888D5FC1DA174BE /* Frameworks */ = {
			isa = PBXGroup;
			children = (
				D3741BE94EBB9006C70F63E6 /* Pods_devslopes_social.framework */,
			);
			name = Frameworks;
			sourceTree = "<group>";
		};
		AD0E57C61E37E4C000EB232F /* Utils */ = {
			isa = PBXGroup;
			children = (
				AD0E57C41E37E4B900EB232F /* Constants.swift */,
			);
			name = Utils;
			sourceTree = "<group>";
		};
		ADDE048A1E36B096002DCDB8 = {
			isa = PBXGroup;
			children = (
				ADDE04951E36B096002DCDB8 /* devslopes-social */,
				ADDE04941E36B096002DCDB8 /* Products */,
				DACF2ABD8978612A6C294CEA /* Pods */,
				7D533782B888D5FC1DA174BE /* Frameworks */,
			);
			sourceTree = "<group>";
		};
		ADDE04941E36B096002DCDB8 /* Products */ = {
			isa = PBXGroup;
			children = (
				ADDE04931E36B096002DCDB8 /* devslopes-social.app */,
			);
			name = Products;
			sourceTree = "<group>";
		};
		ADDE04951E36B096002DCDB8 /* devslopes-social */ = {
			isa = PBXGroup;
			children = (
				AD0E57C61E37E4C000EB232F /* Utils */,
				ADFADFF11E36B1E300923DB1 /* Controller */,
				ADFADFF01E36B1DE00923DB1 /* View */,
				ADFADFEF1E36B1DA00923DB1 /* Model */,
				ADDE04961E36B096002DCDB8 /* AppDelegate.swift */,
				ADDE049D1E36B096002DCDB8 /* Assets.xcassets */,
				ADDE049F1E36B096002DCDB8 /* LaunchScreen.storyboard */,
				ADDE04A21E36B096002DCDB8 /* Info.plist */,
				ADDE04A81E36B0B7002DCDB8 /* GoogleService-Info.plist */,
			);
			path = "devslopes-social";
			sourceTree = "<group>";
		};
		ADFADFEF1E36B1DA00923DB1 /* Model */ = {
			isa = PBXGroup;
			children = (
			);
			name = Model;
			sourceTree = "<group>";
		};
		ADFADFF01E36B1DE00923DB1 /* View */ = {
			isa = PBXGroup;
			children = (
				AD0E57C21E37E43000EB232F /* FancyView.swift */,
			);
			name = View;
			sourceTree = "<group>";
		};
		ADFADFF11E36B1E300923DB1 /* Controller */ = {
			isa = PBXGroup;
			children = (
				ADDE04981E36B096002DCDB8 /* SignInVC.swift */,
			);
			name = Controller;
			sourceTree = "<group>";
		};
		DACF2ABD8978612A6C294CEA /* Pods */ = {
			isa = PBXGroup;
			children = (
				F25398D2D772BECBB1D6A61B /* Pods-devslopes-social.debug.xcconfig */,
				39C951A424536079272068D6 /* Pods-devslopes-social.release.xcconfig */,
			);
			name = Pods;
			sourceTree = "<group>";
		};
/* End PBXGroup section */

/* Begin PBXNativeTarget section */
		ADDE04921E36B096002DCDB8 /* devslopes-social */ = {
			isa = PBXNativeTarget;
			buildConfigurationList = ADDE04A51E36B096002DCDB8 /* Build configuration list for PBXNativeTarget "devslopes-social" */;
			buildPhases = (
				1F03916875D581CF65CC4803 /* [CP] Check Pods Manifest.lock */,
				ADDE048F1E36B096002DCDB8 /* Sources */,
				ADDE04901E36B096002DCDB8 /* Frameworks */,
				ADDE04911E36B096002DCDB8 /* Resources */,
				64DE81D61AE9394C3B8F2B2B /* [CP] Embed Pods Frameworks */,
				1F8032FA43F73D83D8F7400F /* [CP] Copy Pods Resources */,
			);
			buildRules = (
			);
			dependencies = (
			);
			name = "devslopes-social";
			productName = "devslopes-social";
			productReference = ADDE04931E36B096002DCDB8 /* devslopes-social.app */;
			productType = "com.apple.product-type.application";
		};
/* End PBXNativeTarget section */

/* Begin PBXProject section */
		ADDE048B1E36B096002DCDB8 /* Project object */ = {
			isa = PBXProject;
			attributes = {
				LastSwiftUpdateCheck = 0820;
				LastUpgradeCheck = 0820;
				ORGANIZATIONNAME = "Tina Loomis";
				TargetAttributes = {
					ADDE04921E36B096002DCDB8 = {
						CreatedOnToolsVersion = 8.2.1;
						DevelopmentTeam = AGQS95YN5L;
						ProvisioningStyle = Automatic;
					};
				};
			};
			buildConfigurationList = ADDE048E1E36B096002DCDB8 /* Build configuration list for PBXProject "devslopes-social" */;
			compatibilityVersion = "Xcode 3.2";
			developmentRegion = English;
			hasScannedForEncodings = 0;
			knownRegions = (
				en,
				Base,
			);
			mainGroup = ADDE048A1E36B096002DCDB8;
			productRefGroup = ADDE04941E36B096002DCDB8 /* Products */;
			projectDirPath = "";
			projectRoot = "";
			targets = (
				ADDE04921E36B096002DCDB8 /* devslopes-social */,
			);
		};
/* End PBXProject section */

/* Begin PBXResourcesBuildPhase section */
		ADDE04911E36B096002DCDB8 /* Resources */ = {
			isa = PBXResourcesBuildPhase;
			buildActionMask = 2147483647;
			files = (
				ADDE04A11E36B096002DCDB8 /* LaunchScreen.storyboard in Resources */,
				ADDE04A91E36B0B7002DCDB8 /* GoogleService-Info.plist in Resources */,
				ADDE049E1E36B096002DCDB8 /* Assets.xcassets in Resources */,
			);
			runOnlyForDeploymentPostprocessing = 0;
		};
/* End PBXResourcesBuildPhase section */

/* Begin PBXShellScriptBuildPhase section */
		1F03916875D581CF65CC4803 /* [CP] Check Pods Manifest.lock */ = {
			isa = PBXShellScriptBuildPhase;
			buildActionMask = 2147483647;
			files = (
			);
			inputPaths = (
			);
			name = "[CP] Check Pods Manifest.lock";
			outputPaths = (
			);
			runOnlyForDeploymentPostprocessing = 0;
			shellPath = /bin/sh;
			shellScript = "diff \"${PODS_ROOT}/../Podfile.lock\" \"${PODS_ROOT}/Manifest.lock\" > /dev/null\nif [ $? != 0 ] ; then\n    # print error to STDERR\n    echo \"error: The sandbox is not in sync with the Podfile.lock. Run 'pod install' or update your CocoaPods installation.\" >&2\n    exit 1\nfi\n";
			showEnvVarsInLog = 0;
		};
		1F8032FA43F73D83D8F7400F /* [CP] Copy Pods Resources */ = {
			isa = PBXShellScriptBuildPhase;
			buildActionMask = 2147483647;
			files = (
			);
			inputPaths = (
			);
			name = "[CP] Copy Pods Resources";
			outputPaths = (
			);
			runOnlyForDeploymentPostprocessing = 0;
			shellPath = /bin/sh;
			shellScript = "\"${SRCROOT}/Pods/Target Support Files/Pods-devslopes-social/Pods-devslopes-social-resources.sh\"\n";
			showEnvVarsInLog = 0;
		};
		64DE81D61AE9394C3B8F2B2B /* [CP] Embed Pods Frameworks */ = {
			isa = PBXShellScriptBuildPhase;
			buildActionMask = 2147483647;
			files = (
			);
			inputPaths = (
			);
			name = "[CP] Embed Pods Frameworks";
			outputPaths = (
			);
			runOnlyForDeploymentPostprocessing = 0;
			shellPath = /bin/sh;
			shellScript = "\"${SRCROOT}/Pods/Target Support Files/Pods-devslopes-social/Pods-devslopes-social-frameworks.sh\"\n";
			showEnvVarsInLog = 0;
		};
/* End PBXShellScriptBuildPhase section */

/* Begin PBXSourcesBuildPhase section */
		ADDE048F1E36B096002DCDB8 /* Sources */ = {
			isa = PBXSourcesBuildPhase;
			buildActionMask = 2147483647;
			files = (
				ADDE04991E36B096002DCDB8 /* SignInVC.swift in Sources */,
				ADDE04971E36B096002DCDB8 /* AppDelegate.swift in Sources */,
				AD0E57C31E37E43000EB232F /* FancyView.swift in Sources */,
				AD0E57C51E37E4B900EB232F /* Constants.swift in Sources */,
			);
			runOnlyForDeploymentPostprocessing = 0;
		};
/* End PBXSourcesBuildPhase section */

/* Begin PBXVariantGroup section */
		ADDE049F1E36B096002DCDB8 /* LaunchScreen.storyboard */ = {
			isa = PBXVariantGroup;
			children = (
				ADDE04A01E36B096002DCDB8 /* Base */,
			);
			name = LaunchScreen.storyboard;
			sourceTree = "<group>";
		};
/* End PBXVariantGroup section */

/* Begin XCBuildConfiguration section */
		ADDE04A31E36B096002DCDB8 /* Debug */ = {
			isa = XCBuildConfiguration;
			buildSettings = {
				ALWAYS_SEARCH_USER_PATHS = NO;
				CLANG_ANALYZER_NONNULL = YES;
				CLANG_CXX_LANGUAGE_STANDARD = "gnu++0x";
				CLANG_CXX_LIBRARY = "libc++";
				CLANG_ENABLE_MODULES = YES;
				CLANG_ENABLE_OBJC_ARC = YES;
				CLANG_WARN_BOOL_CONVERSION = YES;
				CLANG_WARN_CONSTANT_CONVERSION = YES;
				CLANG_WARN_DIRECT_OBJC_ISA_USAGE = YES_ERROR;
				CLANG_WARN_DOCUMENTATION_COMMENTS = YES;
				CLANG_WARN_EMPTY_BODY = YES;
				CLANG_WARN_ENUM_CONVERSION = YES;
				CLANG_WARN_INFINITE_RECURSION = YES;
				CLANG_WARN_INT_CONVERSION = YES;
				CLANG_WARN_OBJC_ROOT_CLASS = YES_ERROR;
				CLANG_WARN_SUSPICIOUS_MOVE = YES;
				CLANG_WARN_UNREACHABLE_CODE = YES;
				CLANG_WARN__DUPLICATE_METHOD_MATCH = YES;
				"CODE_SIGN_IDENTITY[sdk=iphoneos*]" = "iPhone Developer";
				COPY_PHASE_STRIP = NO;
				DEBUG_INFORMATION_FORMAT = dwarf;
				ENABLE_STRICT_OBJC_MSGSEND = YES;
				ENABLE_TESTABILITY = YES;
				GCC_C_LANGUAGE_STANDARD = gnu99;
				GCC_DYNAMIC_NO_PIC = NO;
				GCC_NO_COMMON_BLOCKS = YES;
				GCC_OPTIMIZATION_LEVEL = 0;
				GCC_PREPROCESSOR_DEFINITIONS = (
					"DEBUG=1",
					"$(inherited)",
				);
				GCC_WARN_64_TO_32_BIT_CONVERSION = YES;
				GCC_WARN_ABOUT_RETURN_TYPE = YES_ERROR;
				GCC_WARN_UNDECLARED_SELECTOR = YES;
				GCC_WARN_UNINITIALIZED_AUTOS = YES_AGGRESSIVE;
				GCC_WARN_UNUSED_FUNCTION = YES;
				GCC_WARN_UNUSED_VARIABLE = YES;
				IPHONEOS_DEPLOYMENT_TARGET = 10.2;
				MTL_ENABLE_DEBUG_INFO = YES;
				ONLY_ACTIVE_ARCH = YES;
				SDKROOT = iphoneos;
				SWIFT_ACTIVE_COMPILATION_CONDITIONS = DEBUG;
				SWIFT_OPTIMIZATION_LEVEL = "-Onone";
			};
			name = Debug;
		};
		ADDE04A41E36B096002DCDB8 /* Release */ = {
			isa = XCBuildConfiguration;
			buildSettings = {
				ALWAYS_SEARCH_USER_PATHS = NO;
				CLANG_ANALYZER_NONNULL = YES;
				CLANG_CXX_LANGUAGE_STANDARD = "gnu++0x";
				CLANG_CXX_LIBRARY = "libc++";
				CLANG_ENABLE_MODULES = YES;
				CLANG_ENABLE_OBJC_ARC = YES;
				CLANG_WARN_BOOL_CONVERSION = YES;
				CLANG_WARN_CONSTANT_CONVERSION = YES;
				CLANG_WARN_DIRECT_OBJC_ISA_USAGE = YES_ERROR;
				CLANG_WARN_DOCUMENTATION_COMMENTS = YES;
				CLANG_WARN_EMPTY_BODY = YES;
				CLANG_WARN_ENUM_CONVERSION = YES;
				CLANG_WARN_INFINITE_RECURSION = YES;
				CLANG_WARN_INT_CONVERSION = YES;
				CLANG_WARN_OBJC_ROOT_CLASS = YES_ERROR;
				CLANG_WARN_SUSPICIOUS_MOVE = YES;
				CLANG_WARN_UNREACHABLE_CODE = YES;
				CLANG_WARN__DUPLICATE_METHOD_MATCH = YES;
				"CODE_SIGN_IDENTITY[sdk=iphoneos*]" = "iPhone Developer";
				COPY_PHASE_STRIP = NO;
				DEBUG_INFORMATION_FORMAT = "dwarf-with-dsym";
				ENABLE_NS_ASSERTIONS = NO;
				ENABLE_STRICT_OBJC_MSGSEND = YES;
				GCC_C_LANGUAGE_STANDARD = gnu99;
				GCC_NO_COMMON_BLOCKS = YES;
				GCC_WARN_64_TO_32_BIT_CONVERSION = YES;
				GCC_WARN_ABOUT_RETURN_TYPE = YES_ERROR;
				GCC_WARN_UNDECLARED_SELECTOR = YES;
				GCC_WARN_UNINITIALIZED_AUTOS = YES_AGGRESSIVE;
				GCC_WARN_UNUSED_FUNCTION = YES;
				GCC_WARN_UNUSED_VARIABLE = YES;
				IPHONEOS_DEPLOYMENT_TARGET = 10.2;
				MTL_ENABLE_DEBUG_INFO = NO;
				SDKROOT = iphoneos;
				SWIFT_OPTIMIZATION_LEVEL = "-Owholemodule";
				VALIDATE_PRODUCT = YES;
			};
			name = Release;
		};
		ADDE04A61E36B096002DCDB8 /* Debug */ = {
			isa = XCBuildConfiguration;
			baseConfigurationReference = F25398D2D772BECBB1D6A61B /* Pods-devslopes-social.debug.xcconfig */;
			buildSettings = {
				ASSETCATALOG_COMPILER_APPICON_NAME = AppIcon;
				DEVELOPMENT_TEAM = AGQS95YN5L;
				INFOPLIST_FILE = "devslopes-social/Info.plist";
				LD_RUNPATH_SEARCH_PATHS = "$(inherited) @executable_path/Frameworks";
				PRODUCT_BUNDLE_IDENTIFIER = "com.appiffic.devslopes-social";
				PRODUCT_NAME = "$(TARGET_NAME)";
				SWIFT_VERSION = 3.0;
			};
			name = Debug;
		};
		ADDE04A71E36B096002DCDB8 /* Release */ = {
			isa = XCBuildConfiguration;
			baseConfigurationReference = 39C951A424536079272068D6 /* Pods-devslopes-social.release.xcconfig */;
			buildSettings = {
				ASSETCATALOG_COMPILER_APPICON_NAME = AppIcon;
				DEVELOPMENT_TEAM = AGQS95YN5L;
				INFOPLIST_FILE = "devslopes-social/Info.plist";
				LD_RUNPATH_SEARCH_PATHS = "$(inherited) @executable_path/Frameworks";
				PRODUCT_BUNDLE_IDENTIFIER = "com.appiffic.devslopes-social";
				PRODUCT_NAME = "$(TARGET_NAME)";
				SWIFT_VERSION = 3.0;
			};
			name = Release;
		};
/* End XCBuildConfiguration section */

/* Begin XCConfigurationList section */
		ADDE048E1E36B096002DCDB8 /* Build configuration list for PBXProject "devslopes-social" */ = {
			isa = XCConfigurationList;
			buildConfigurations = (
				ADDE04A31E36B096002DCDB8 /* Debug */,
				ADDE04A41E36B096002DCDB8 /* Release */,
			);
			defaultConfigurationIsVisible = 0;
			defaultConfigurationName = Release;
		};
		ADDE04A51E36B096002DCDB8 /* Build configuration list for PBXNativeTarget "devslopes-social" */ = {
			isa = XCConfigurationList;
			buildConfigurations = (
				ADDE04A61E36B096002DCDB8 /* Debug */,
				ADDE04A71E36B096002DCDB8 /* Release */,
			);
			defaultConfigurationIsVisible = 0;
			defaultConfigurationName = Release;
		};
/* End XCConfigurationList section */
	};
	rootObject = ADDE048B1E36B096002DCDB8 /* Project object */;
}
